// !$*UTF8*$!
{
	archiveVersion = 1;
	classes = {
	};
	objectVersion = 50;
	objects = {

/* Begin PBXBuildFile section */
		10364B7023C4A91D001FC1EF /* boomaga.ogg in Resources */ = {isa = PBXBuildFile; fileRef = 10364B6F23C4A91D001FC1EF /* boomaga.ogg */; };
		10364B7223C4A9BF001FC1EF /* PressStart2P.ttf in Resources */ = {isa = PBXBuildFile; fileRef = 10364B7123C4A9BF001FC1EF /* PressStart2P.ttf */; };
		10364B7523C4AC03001FC1EF /* bat.cpp in Sources */ = {isa = PBXBuildFile; fileRef = 10364B7423C4AC03001FC1EF /* bat.cpp */; };
		10364B7823C4AD32001FC1EF /* ball.cpp in Sources */ = {isa = PBXBuildFile; fileRef = 10364B7623C4AD32001FC1EF /* ball.cpp */; };
		10C4193223C4A474005863E8 /* ResourcePath.mm in Sources */ = {isa = PBXBuildFile; fileRef = 10C4193123C4A474005863E8 /* ResourcePath.mm */; };
		10C4193523C4A474005863E8 /* main.cpp in Sources */ = {isa = PBXBuildFile; fileRef = 10C4193423C4A474005863E8 /* main.cpp */; };
		10C4193823C4A474005863E8 /* cute_image.jpg in Resources */ = {isa = PBXBuildFile; fileRef = 10C4193723C4A474005863E8 /* cute_image.jpg */; };
		10C4193A23C4A474005863E8 /* nice_music.ogg in Resources */ = {isa = PBXBuildFile; fileRef = 10C4193923C4A474005863E8 /* nice_music.ogg */; };
		10C4193C23C4A474005863E8 /* sansation.ttf in Resources */ = {isa = PBXBuildFile; fileRef = 10C4193B23C4A474005863E8 /* sansation.ttf */; };
		10C4193E23C4A474005863E8 /* icon.png in Resources */ = {isa = PBXBuildFile; fileRef = 10C4193D23C4A474005863E8 /* icon.png */; };
/* End PBXBuildFile section */

/* Begin PBXFileReference section */
		10364B6F23C4A91D001FC1EF /* boomaga.ogg */ = {isa = PBXFileReference; lastKnownFileType = file; name = boomaga.ogg; path = Pong/boomaga.ogg; sourceTree = SOURCE_ROOT; };
		10364B7123C4A9BF001FC1EF /* PressStart2P.ttf */ = {isa = PBXFileReference; lastKnownFileType = file; name = PressStart2P.ttf; path = Pong/PressStart2P.ttf; sourceTree = SOURCE_ROOT; };
		10364B7323C4AAF6001FC1EF /* bat.h */ = {isa = PBXFileReference; lastKnownFileType = sourcecode.c.h; path = bat.h; sourceTree = "<group>"; };
		10364B7423C4AC03001FC1EF /* bat.cpp */ = {isa = PBXFileReference; lastKnownFileType = sourcecode.cpp.cpp; path = bat.cpp; sourceTree = "<group>"; };
		10364B7623C4AD32001FC1EF /* ball.cpp */ = {isa = PBXFileReference; lastKnownFileType = sourcecode.cpp.cpp; path = ball.cpp; sourceTree = "<group>"; };
		10364B7923C4AD8B001FC1EF /* ball.h */ = {isa = PBXFileReference; lastKnownFileType = sourcecode.c.h; path = ball.h; sourceTree = "<group>"; };
		10C4192C23C4A474005863E8 /* Pong.app */ = {isa = PBXFileReference; explicitFileType = wrapper.application; includeInIndex = 0; path = Pong.app; sourceTree = BUILT_PRODUCTS_DIR; };
		10C4193023C4A474005863E8 /* Pong-Info.plist */ = {isa = PBXFileReference; lastKnownFileType = text.plist.xml; name = "Pong-Info.plist"; path = "../Pong-Info.plist"; sourceTree = "<group>"; };
		10C4193123C4A474005863E8 /* ResourcePath.mm */ = {isa = PBXFileReference; lastKnownFileType = sourcecode.cpp.objcpp; path = ResourcePath.mm; sourceTree = "<group>"; };
		10C4193323C4A474005863E8 /* ResourcePath.hpp */ = {isa = PBXFileReference; lastKnownFileType = sourcecode.cpp.h; path = ResourcePath.hpp; sourceTree = "<group>"; };
		10C4193423C4A474005863E8 /* main.cpp */ = {isa = PBXFileReference; lastKnownFileType = sourcecode.cpp.cpp; path = main.cpp; sourceTree = "<group>"; };
		10C4193723C4A474005863E8 /* cute_image.jpg */ = {isa = PBXFileReference; lastKnownFileType = image.jpeg; name = cute_image.jpg; path = ../cute_image.jpg; sourceTree = "<group>"; };
		10C4193923C4A474005863E8 /* nice_music.ogg */ = {isa = PBXFileReference; lastKnownFileType = file; name = nice_music.ogg; path = ../nice_music.ogg; sourceTree = "<group>"; };
		10C4193B23C4A474005863E8 /* sansation.ttf */ = {isa = PBXFileReference; lastKnownFileType = file; name = sansation.ttf; path = ../sansation.ttf; sourceTree = "<group>"; };
		10C4193D23C4A474005863E8 /* icon.png */ = {isa = PBXFileReference; lastKnownFileType = image.png; name = icon.png; path = ../icon.png; sourceTree = "<group>"; };
/* End PBXFileReference section */

/* Begin PBXFrameworksBuildPhase section */
		10C4192823C4A474005863E8 /* Frameworks */ = {
			isa = PBXFrameworksBuildPhase;
			buildActionMask = 2147483647;
			files = (
			);
			runOnlyForDeploymentPostprocessing = 0;
		};
/* End PBXFrameworksBuildPhase section */

/* Begin PBXGroup section */
		10C4192223C4A473005863E8 = {
			isa = PBXGroup;
			children = (
				10C4192E23C4A474005863E8 /* Pong */,
				10C4192D23C4A474005863E8 /* Products */,
			);
			sourceTree = "<group>";
		};
		10C4192D23C4A474005863E8 /* Products */ = {
			isa = PBXGroup;
			children = (
				10C4192C23C4A474005863E8 /* Pong.app */,
			);
			name = Products;
			sourceTree = "<group>";
		};
		10C4192E23C4A474005863E8 /* Pong */ = {
			isa = PBXGroup;
			children = (
				10C4193123C4A474005863E8 /* ResourcePath.mm */,
				10C4193323C4A474005863E8 /* ResourcePath.hpp */,
				10C4193423C4A474005863E8 /* main.cpp */,
				10C4193623C4A474005863E8 /* Resources */,
				10C4192F23C4A474005863E8 /* Supporting Files */,
				10364B7323C4AAF6001FC1EF /* bat.h */,
				10364B7423C4AC03001FC1EF /* bat.cpp */,
				10364B7623C4AD32001FC1EF /* ball.cpp */,
				10364B7923C4AD8B001FC1EF /* ball.h */,
			);
			path = Pong;
			sourceTree = "<group>";
		};
		10C4192F23C4A474005863E8 /* Supporting Files */ = {
			isa = PBXGroup;
			children = (
				10C4193023C4A474005863E8 /* Pong-Info.plist */,
			);
			path = "Supporting Files";
			sourceTree = "<group>";
		};
		10C4193623C4A474005863E8 /* Resources */ = {
			isa = PBXGroup;
			children = (
				10364B7123C4A9BF001FC1EF /* PressStart2P.ttf */,
				10364B6F23C4A91D001FC1EF /* boomaga.ogg */,
				10C4193723C4A474005863E8 /* cute_image.jpg */,
				10C4193923C4A474005863E8 /* nice_music.ogg */,
				10C4193B23C4A474005863E8 /* sansation.ttf */,
				10C4193D23C4A474005863E8 /* icon.png */,
			);
			path = Resources;
			sourceTree = "<group>";
		};
/* End PBXGroup section */

/* Begin PBXNativeTarget section */
		10C4192B23C4A474005863E8 /* Pong */ = {
			isa = PBXNativeTarget;
			buildConfigurationList = 10C4194123C4A474005863E8 /* Build configuration list for PBXNativeTarget "Pong" */;
			buildPhases = (
				10C4192723C4A474005863E8 /* Sources */,
				10C4192823C4A474005863E8 /* Frameworks */,
				10C4192923C4A474005863E8 /* Resources */,
				10C4192A23C4A474005863E8 /* ShellScript */,
			);
			buildRules = (
			);
			dependencies = (
			);
			name = Pong;
			productName = Pong;
			productReference = 10C4192C23C4A474005863E8 /* Pong.app */;
			productType = "com.apple.product-type.application";
		};
/* End PBXNativeTarget section */

/* Begin PBXProject section */
		10C4192323C4A474005863E8 /* Project object */ = {
			isa = PBXProject;
			attributes = {
				LastUpgradeCheck = 1120;
				ORGANIZATIONNAME = "Mrinank Sharma";
				TargetAttributes = {
					10C4192B23C4A474005863E8 = {
						CreatedOnToolsVersion = 11.2.1;
					};
				};
			};
			buildConfigurationList = 10C4192623C4A474005863E8 /* Build configuration list for PBXProject "Pong" */;
			compatibilityVersion = "Xcode 9.3";
			developmentRegion = en;
			hasScannedForEncodings = 0;
			knownRegions = (
				en,
				Base,
			);
			mainGroup = 10C4192223C4A473005863E8;
			productRefGroup = 10C4192D23C4A474005863E8 /* Products */;
			projectDirPath = "";
			projectRoot = "";
			targets = (
				10C4192B23C4A474005863E8 /* Pong */,
			);
		};
/* End PBXProject section */

/* Begin PBXResourcesBuildPhase section */
		10C4192923C4A474005863E8 /* Resources */ = {
			isa = PBXResourcesBuildPhase;
			buildActionMask = 2147483647;
			files = (
				10C4193E23C4A474005863E8 /* icon.png in Resources */,
				10364B7023C4A91D001FC1EF /* boomaga.ogg in Resources */,
				10C4193C23C4A474005863E8 /* sansation.ttf in Resources */,
				10364B7223C4A9BF001FC1EF /* PressStart2P.ttf in Resources */,
				10C4193A23C4A474005863E8 /* nice_music.ogg in Resources */,
				10C4193823C4A474005863E8 /* cute_image.jpg in Resources */,
			);
			runOnlyForDeploymentPostprocessing = 0;
		};
/* End PBXResourcesBuildPhase section */

/* Begin PBXShellScriptBuildPhase section */
		10C4192A23C4A474005863E8 /* ShellScript */ = {
			isa = PBXShellScriptBuildPhase;
			buildActionMask = 8;
			files = (
			);
			inputFileListPaths = (
			);
			inputPaths = (
			);
			outputFileListPaths = (
			);
			outputPaths = (
			);
			runOnlyForDeploymentPostprocessing = 1;
			shellPath = /bin/sh;
			shellScript = "# This shell script simply copies required SFML dylibs/frameworks into the application bundle frameworks folder.\n# If you're using static libraries (which is not recommended) you should remove this script from your project.\n\n# SETTINGS\nSFML_DEPENDENCIES_INSTALL_PREFIX=\"/Users/SFML/Desktop/packaging/tmp/install/Library/Frameworks\"\nCMAKE_INSTALL_FRAMEWORK_PREFIX=\"/Users/SFML/Desktop/packaging/tmp/install/Library/Frameworks\"\nCMAKE_INSTALL_LIB_PREFIX=\"/Users/SFML/Desktop/packaging/tmp/install/Library/Frameworks/lib\"\nFRAMEWORKS_FULL_PATH=\"$BUILT_PRODUCTS_DIR/$FRAMEWORKS_FOLDER_PATH/\"\n\n# Are we building a project that uses frameworks or dylibs?\ncase \"$SFML_BINARY_TYPE\" in\n    DYLIBS)\n        frameworks=\"false\"\n        ;;\n    *)\n        frameworks=\"true\"\n        ;;\nesac\n\n# Echoes to stderr\nerror () # $* message to display\n{\n    echo $* 1>&2\n    exit 2\n}\n\nassert () # $1 is a boolean, $2...N is an error message\n{\n    if [ $# -lt 2 ]\n    then\n        error \"Internal error in assert: not enough args\"\n    fi\n\n    if [ $1 -ne 0 ]\n    then\n        shift\n        error \"$*\"\n    fi\n}\n\nforce_remove () # $@ is some paths\n{\n    test $# -ge 1\n    assert $? \"force_remove() requires at least one parameter\"\n    rm -fr $@\n    assert $? \"couldn't remove $@\"\n}\n\ncopy () # $1 is a source, $2 is a destination\n{\n    test $# -eq 2\n    assert $? \"copy() requires two parameters\"\n    ditto \"$1\" \"$2\"\n    assert $? \"couldn't copy $1 to $2\"\n}\n\nrequire () # $1 is a SFML module like 'system' or 'audio'\n{\n    dest=\"$BUILT_PRODUCTS_DIR/$FRAMEWORKS_FOLDER_PATH/\"\n\n    if [ -z \"$1\" ]\n    then\n        error \"require() requires one parameter!\"\n    else\n        # clean potentially old stuff\n        force_remove \"$dest/libsfml-$1\"*\n        force_remove \"$dest/sfml-$1.framework\"\n\n        # copy SFML libraries\n        if [ \"$frameworks\" = \"true\" ]\n        then\n            source=\"$CMAKE_INSTALL_FRAMEWORK_PREFIX/sfml-$1.framework\"\n            target=\"sfml-$1.framework\"\n        elif [ \"$SFML_LINK_DYLIBS_SUFFIX\" = \"-d\" ]\n        then\n            source=\"$CMAKE_INSTALL_LIB_PREFIX/libsfml-$1-d.dylib\"\n            target=\"`readlink $source`\"\n        else\n            source=\"$CMAKE_INSTALL_LIB_PREFIX/libsfml-$1.dylib\"\n            target=\"`readlink $source`\"\n        fi\n\n        copy \"$source\" \"$dest/$target\"\n\n        # copy extra dependencies\n        if [ \"$1\" = \"audio\" ]\n        then\n            # copy \"FLAC\" \"ogg\" \"vorbis\" \"vorbisenc\" \"vorbisfile\" \"OpenAL\" frameworks too\n            for f in \"FLAC\" \"ogg\" \"vorbis\" \"vorbisenc\" \"vorbisfile\" \"OpenAL\"\n            do\n                copy \"$SFML_DEPENDENCIES_INSTALL_PREFIX/$f.framework\" \"$dest/$f.framework\"\n            done\n        elif [ \"$1\" = \"graphics\" ]\n        then\n            copy \"$SFML_DEPENDENCIES_INSTALL_PREFIX/freetype.framework\" \"$dest/freetype.framework\"\n        fi\n    fi\n}\n\nif [ -n \"$SFML_SYSTEM\" ]\nthen\n    require \"system\"\nfi\n\nif [ -n \"$SFML_AUDIO\" ]\nthen\n    require \"audio\"\nfi\n\nif [ -n \"$SFML_NETWORK\" ]\nthen\n    require \"network\"\nfi\n\nif [ -n \"$SFML_WINDOW\" ]\nthen\n    require \"window\"\nfi\n\nif [ -n \"$SFML_GRAPHICS\" ]\nthen\n    require \"graphics\"\nfi\n\n                \n";
		};
/* End PBXShellScriptBuildPhase section */

/* Begin PBXSourcesBuildPhase section */
		10C4192723C4A474005863E8 /* Sources */ = {
			isa = PBXSourcesBuildPhase;
			buildActionMask = 2147483647;
			files = (
				10364B7823C4AD32001FC1EF /* ball.cpp in Sources */,
				10364B7523C4AC03001FC1EF /* bat.cpp in Sources */,
				10C4193523C4A474005863E8 /* main.cpp in Sources */,
				10C4193223C4A474005863E8 /* ResourcePath.mm in Sources */,
			);
			runOnlyForDeploymentPostprocessing = 0;
		};
/* End PBXSourcesBuildPhase section */

/* Begin XCBuildConfiguration section */
		10C4193F23C4A474005863E8 /* Debug */ = {
			isa = XCBuildConfiguration;
			buildSettings = {
				ARCHS = "$(NATIVE_ARCH_ACTUAL)";
				CLANG_CXX_LANGUAGE_STANDARD = "c++11";
				CLANG_CXX_LIBRARY = "libc++";
				FRAMEWORK_SEARCH_PATHS = (
					/Library/Frameworks/,
					"$(inherited)",
				);
				GCC_VERSION = com.apple.compilers.llvm.clang.1_0;
				HEADER_SEARCH_PATHS = (
					/usr/local/include/,
					"$(inherited)",
				);
				LIBRARY_SEARCH_PATHS = (
					/usr/local/lib/,
					"$(inherited)",
				);
				MACOSX_DEPLOYMENT_TARGET = 10.7;
				OTHER_LDFLAGS = (
					"$(inherited)",
					"$(SFML_SYSTEM)",
					"$(SFML_WINDOW)",
					"$(SFML_GRAPHICS)",
					"$(SFML_AUDIO)",
					"$(SFML_NETWORK)",
				);
				SFML_AUDIO = "$(SFML_LINK_PREFIX) sfml-audio$(SFML_LINK_SUFFIX)";
				SFML_BINARY_TYPE = FRAMEWORKS;
				SFML_GRAPHICS = "$(SFML_LINK_PREFIX) sfml-graphics$(SFML_LINK_SUFFIX)";
				SFML_LINK_DYLIBS_PREFIX = "-l";
				SFML_LINK_DYLIBS_SUFFIX = "";
				SFML_LINK_FRAMEWORKS_PREFIX = "-framework";
				SFML_LINK_FRAMEWORKS_SUFFIX = "";
				SFML_LINK_PREFIX = "$(SFML_LINK_$(SFML_BINARY_TYPE)_PREFIX)";
				SFML_LINK_SUFFIX = "$(SFML_LINK_$(SFML_BINARY_TYPE)_SUFFIX)";
				SFML_NETWORK = "$(SFML_LINK_PREFIX) sfml-network$(SFML_LINK_SUFFIX)";
				SFML_SYSTEM = "$(SFML_LINK_PREFIX) sfml-system$(SFML_LINK_SUFFIX)";
				SFML_WINDOW = "$(SFML_LINK_PREFIX) sfml-window$(SFML_LINK_SUFFIX)";
				SUPPORTED_PLATFORMS = macosx;
			};
			name = Debug;
		};
		10C4194023C4A474005863E8 /* Release */ = {
			isa = XCBuildConfiguration;
			buildSettings = {
				ARCHS = "$(NATIVE_ARCH_ACTUAL)";
				CLANG_CXX_LANGUAGE_STANDARD = "c++11";
				CLANG_CXX_LIBRARY = "libc++";
				FRAMEWORK_SEARCH_PATHS = (
					/Library/Frameworks/,
					"$(inherited)",
				);
				GCC_VERSION = com.apple.compilers.llvm.clang.1_0;
				HEADER_SEARCH_PATHS = (
					/usr/local/include/,
					"$(inherited)",
				);
				LIBRARY_SEARCH_PATHS = (
					/usr/local/lib/,
					"$(inherited)",
				);
				MACOSX_DEPLOYMENT_TARGET = 10.7;
				OTHER_LDFLAGS = (
					"$(inherited)",
					"$(SFML_SYSTEM)",
					"$(SFML_WINDOW)",
					"$(SFML_GRAPHICS)",
					"$(SFML_AUDIO)",
					"$(SFML_NETWORK)",
				);
				SFML_AUDIO = "$(SFML_LINK_PREFIX) sfml-audio$(SFML_LINK_SUFFIX)";
				SFML_BINARY_TYPE = FRAMEWORKS;
				SFML_GRAPHICS = "$(SFML_LINK_PREFIX) sfml-graphics$(SFML_LINK_SUFFIX)";
				SFML_LINK_DYLIBS_PREFIX = "-l";
				SFML_LINK_DYLIBS_SUFFIX = "";
				SFML_LINK_FRAMEWORKS_PREFIX = "-framework";
				SFML_LINK_FRAMEWORKS_SUFFIX = "";
				SFML_LINK_PREFIX = "$(SFML_LINK_$(SFML_BINARY_TYPE)_PREFIX)";
				SFML_LINK_SUFFIX = "$(SFML_LINK_$(SFML_BINARY_TYPE)_SUFFIX)";
				SFML_NETWORK = "$(SFML_LINK_PREFIX) sfml-network$(SFML_LINK_SUFFIX)";
				SFML_SYSTEM = "$(SFML_LINK_PREFIX) sfml-system$(SFML_LINK_SUFFIX)";
				SFML_WINDOW = "$(SFML_LINK_PREFIX) sfml-window$(SFML_LINK_SUFFIX)";
				SUPPORTED_PLATFORMS = macosx;
			};
			name = Release;
		};
		10C4194223C4A474005863E8 /* Debug */ = {
			isa = XCBuildConfiguration;
			buildSettings = {
				CODE_SIGN_STYLE = Automatic;
				INFOPLIST_FILE = "Pong/Pong-Info.plist";
				LD_RUNPATH_SEARCH_PATHS = "@loader_path/../Frameworks";
				PRODUCT_NAME = "$(TARGET_NAME)";
			};
			name = Debug;
		};
		10C4194323C4A474005863E8 /* Release */ = {
			isa = XCBuildConfiguration;
			buildSettings = {
				CODE_SIGN_STYLE = Automatic;
				INFOPLIST_FILE = "Pong/Pong-Info.plist";
				LD_RUNPATH_SEARCH_PATHS = "@loader_path/../Frameworks";
				PRODUCT_NAME = "$(TARGET_NAME)";
			};
			name = Release;
		};
/* End XCBuildConfiguration section */

/* Begin XCConfigurationList section */
		10C4192623C4A474005863E8 /* Build configuration list for PBXProject "Pong" */ = {
			isa = XCConfigurationList;
			buildConfigurations = (
				10C4193F23C4A474005863E8 /* Debug */,
				10C4194023C4A474005863E8 /* Release */,
			);
			defaultConfigurationIsVisible = 0;
			defaultConfigurationName = Release;
		};
		10C4194123C4A474005863E8 /* Build configuration list for PBXNativeTarget "Pong" */ = {
			isa = XCConfigurationList;
			buildConfigurations = (
				10C4194223C4A474005863E8 /* Debug */,
				10C4194323C4A474005863E8 /* Release */,
			);
			defaultConfigurationIsVisible = 0;
			defaultConfigurationName = Release;
		};
/* End XCConfigurationList section */
	};
	rootObject = 10C4192323C4A474005863E8 /* Project object */;
}
